Microsoft Visual Studio Solution File, Format Version 12.00
# Visual Studio 2012
Project("{FAE04EC0-301F-11D3-BF4B-00C04F79EFBC}") = "Platform", "Platform.csproj", "{1D6EFD72-449D-4C25-A978-90372C027F1F}"
EndProject
Global
	GlobalSection(SolutionConfigurationPlatforms) = preSolution
	Debug|Any CPU = Debug|Any CPU
	ExportDebug|Any CPU = ExportDebug|Any CPU
	ExportRelease|Any CPU = ExportRelease|Any CPU
	EndGlobalSection
	GlobalSection(ProjectConfigurationPlatforms) = postSolution
		{1D6EFD72-449D-4C25-A978-90372C027F1F}.Debug|Any CPU.ActiveCfg = Debug|Any CPU
		{1D6EFD72-449D-4C25-A978-90372C027F1F}.Debug|Any CPU.Build.0 = Debug|Any CPU
		{1D6EFD72-449D-4C25-A978-90372C027F1F}.ExportDebug|Any CPU.ActiveCfg = ExportDebug|Any CPU
		{1D6EFD72-449D-4C25-A978-90372C027F1F}.ExportDebug|Any CPU.Build.0 = ExportDebug|Any CPU
		{1D6EFD72-449D-4C25-A978-90372C027F1F}.ExportRelease|Any CPU.ActiveCfg = ExportRelease|Any CPU
		{1D6EFD72-449D-4C25-A978-90372C027F1F}.ExportRelease|Any CPU.Build.0 = ExportRelease|Any CPU
	EndGlobalSection
EndGlobal
